// !$*UTF8*$!
{
	archiveVersion = 1;
	classes = {
	};
	objectVersion = 45;
	objects = {

/* Begin PBXBuildFile section */
		1D3623260D0F684500981E51 /* DescentAppDelegate.m in Sources */ = {isa = PBXBuildFile; fileRef = 1D3623250D0F684500981E51 /* DescentAppDelegate.m */; };
		1D60589B0D05DD56006BFB54 /* main.m in Sources */ = {isa = PBXBuildFile; fileRef = 29B97316FDCFA39411CA2CEA /* main.m */; };
		1D60589F0D05DD5A006BFB54 /* Foundation.framework in Frameworks */ = {isa = PBXBuildFile; fileRef = 1D30AB110D05D00D00671497 /* Foundation.framework */; };
		1DF5F4E00D08C38300B7A737 /* UIKit.framework in Frameworks */ = {isa = PBXBuildFile; fileRef = 1DF5F4DF0D08C38300B7A737 /* UIKit.framework */; };
		28AD733F0D9D9553002E5188 /* MainWindow.xib in Resources */ = {isa = PBXBuildFile; fileRef = 28AD733E0D9D9553002E5188 /* MainWindow.xib */; };
		28FD14FE0DC6FC130079059D /* EAGLView.m in Sources */ = {isa = PBXBuildFile; fileRef = 28FD14FD0DC6FC130079059D /* EAGLView.m */; };
		28FD15000DC6FC520079059D /* OpenGLES.framework in Frameworks */ = {isa = PBXBuildFile; fileRef = 28FD14FF0DC6FC520079059D /* OpenGLES.framework */; };
		28FD15080DC6FC5B0079059D /* QuartzCore.framework in Frameworks */ = {isa = PBXBuildFile; fileRef = 28FD15070DC6FC5B0079059D /* QuartzCore.framework */; };
		915432480E77646400FAF93D /* PIDSprite.m in Sources */ = {isa = PBXBuildFile; fileRef = 915432470E77646400FAF93D /* PIDSprite.m */; };
		9154328D0E776A8700FAF93D /* PIDRectangleSprite.m in Sources */ = {isa = PBXBuildFile; fileRef = 9154328C0E776A8700FAF93D /* PIDRectangleSprite.m */; };
		915432920E776E8A00FAF93D /* PIDColor.m in Sources */ = {isa = PBXBuildFile; fileRef = 915432910E776E8A00FAF93D /* PIDColor.m */; };
		915433330E77797900FAF93D /* PIDEntity.m in Sources */ = {isa = PBXBuildFile; fileRef = 915433320E77797900FAF93D /* PIDEntity.m */; };
		915433CF0E78A81D00FAF93D /* PIDGame.m in Sources */ = {isa = PBXBuildFile; fileRef = 915433CE0E78A81D00FAF93D /* PIDGame.m */; };
		915434F10E78B72200FAF93D /* PIDPlatform.m in Sources */ = {isa = PBXBuildFile; fileRef = 915434F00E78B72200FAF93D /* PIDPlatform.m */; };
		9154361B0E7C4B5B00FAF93D /* PIDPlayer.m in Sources */ = {isa = PBXBuildFile; fileRef = 9154361A0E7C4B5B00FAF93D /* PIDPlayer.m */; };
		915437EB0E7C5D6600FAF93D /* CoreGraphics.framework in Frameworks */ = {isa = PBXBuildFile; fileRef = 915437EA0E7C5D6600FAF93D /* CoreGraphics.framework */; };
		91543A3B0E7DBF5900FAF93D /* PIDTextureSprite.m in Sources */ = {isa = PBXBuildFile; fileRef = 91543A3A0E7DBF5900FAF93D /* PIDTextureSprite.m */; };
		91543A760E7DCA8500FAF93D /* player.png in Resources */ = {isa = PBXBuildFile; fileRef = 91543A750E7DCA8500FAF93D /* player.png */; };
		9168F1D80EB80C260066482B /* paper.png in Resources */ = {isa = PBXBuildFile; fileRef = 9168F1D70EB80C260066482B /* paper.png */; };
		9168F3720EBCFB2C0066482B /* floor-numbers.png in Resources */ = {isa = PBXBuildFile; fileRef = 9168F3710EBCFB2C0066482B /* floor-numbers.png */; };
		9168F5800EBD17670066482B /* platform.png in Resources */ = {isa = PBXBuildFile; fileRef = 9168F57F0EBD17670066482B /* platform.png */; };
		9168F6260EBD43320066482B /* PIDTrail.m in Sources */ = {isa = PBXBuildFile; fileRef = 9168F6250EBD43320066482B /* PIDTrail.m */; };
		9175D4DA0E8B1973000B8787 /* PIDNumbersDisplay.m in Sources */ = {isa = PBXBuildFile; fileRef = 9175D4D90E8B1973000B8787 /* PIDNumbersDisplay.m */; };
		9175D6080E8E9AAE000B8787 /* PIDFence.m in Sources */ = {isa = PBXBuildFile; fileRef = 9175D6070E8E9AAE000B8787 /* PIDFence.m */; };
		9175D8030E904F8D000B8787 /* caps.png in Resources */ = {isa = PBXBuildFile; fileRef = 9175D8020E904F8D000B8787 /* caps.png */; };
		9175D8B10E906AD3000B8787 /* status.png in Resources */ = {isa = PBXBuildFile; fileRef = 9175D8B00E906AD3000B8787 /* status.png */; };
		9175D8F90E907276000B8787 /* health-stars.png in Resources */ = {isa = PBXBuildFile; fileRef = 9175D8F80E907276000B8787 /* health-stars.png */; };
		9175D8FE0E90728A000B8787 /* PIDHealthDisplay.m in Sources */ = {isa = PBXBuildFile; fileRef = 9175D8FD0E90728A000B8787 /* PIDHealthDisplay.m */; };
		9175D9500E907578000B8787 /* PIDEntityWithFrame.m in Sources */ = {isa = PBXBuildFile; fileRef = 9175D94F0E907578000B8787 /* PIDEntityWithFrame.m */; };
		91FA77540EA2A9CE000D813F /* pause.png in Resources */ = {isa = PBXBuildFile; fileRef = 91FA77530EA2A9CE000D813F /* pause.png */; };
		91FA78D50EA431F2000D813F /* PIDMenu.m in Sources */ = {isa = PBXBuildFile; fileRef = 91FA78D40EA431F2000D813F /* PIDMenu.m */; };
		91FCCCCA0E81F92C004A2033 /* numbers.png in Resources */ = {isa = PBXBuildFile; fileRef = 91FCCCC90E81F92C004A2033 /* numbers.png */; };
/* End PBXBuildFile section */

/* Begin PBXFileReference section */
		1D30AB110D05D00D00671497 /* Foundation.framework */ = {isa = PBXFileReference; lastKnownFileType = wrapper.framework; name = Foundation.framework; path = System/Library/Frameworks/Foundation.framework; sourceTree = SDKROOT; };
		1D3623240D0F684500981E51 /* DescentAppDelegate.h */ = {isa = PBXFileReference; fileEncoding = 4; lastKnownFileType = sourcecode.c.h; path = DescentAppDelegate.h; sourceTree = "<group>"; };
		1D3623250D0F684500981E51 /* DescentAppDelegate.m */ = {isa = PBXFileReference; fileEncoding = 4; lastKnownFileType = sourcecode.c.objc; path = DescentAppDelegate.m; sourceTree = "<group>"; };
		1D6058910D05DD3D006BFB54 /* Descent.app */ = {isa = PBXFileReference; explicitFileType = wrapper.application; includeInIndex = 0; path = Descent.app; sourceTree = BUILT_PRODUCTS_DIR; };
		1DF5F4DF0D08C38300B7A737 /* UIKit.framework */ = {isa = PBXFileReference; lastKnownFileType = wrapper.framework; name = UIKit.framework; path = System/Library/Frameworks/UIKit.framework; sourceTree = SDKROOT; };
		28AD733E0D9D9553002E5188 /* MainWindow.xib */ = {isa = PBXFileReference; lastKnownFileType = file.xib; path = MainWindow.xib; sourceTree = "<group>"; };
		28FD14FC0DC6FC130079059D /* EAGLView.h */ = {isa = PBXFileReference; fileEncoding = 4; lastKnownFileType = sourcecode.c.h; path = EAGLView.h; sourceTree = "<group>"; };
		28FD14FD0DC6FC130079059D /* EAGLView.m */ = {isa = PBXFileReference; fileEncoding = 4; lastKnownFileType = sourcecode.c.objc; path = EAGLView.m; sourceTree = "<group>"; };
		28FD14FF0DC6FC520079059D /* OpenGLES.framework */ = {isa = PBXFileReference; lastKnownFileType = wrapper.framework; name = OpenGLES.framework; path = System/Library/Frameworks/OpenGLES.framework; sourceTree = SDKROOT; };
		28FD15070DC6FC5B0079059D /* QuartzCore.framework */ = {isa = PBXFileReference; lastKnownFileType = wrapper.framework; name = QuartzCore.framework; path = System/Library/Frameworks/QuartzCore.framework; sourceTree = SDKROOT; };
		29B97316FDCFA39411CA2CEA /* main.m */ = {isa = PBXFileReference; fileEncoding = 4; lastKnownFileType = sourcecode.c.objc; path = main.m; sourceTree = "<group>"; };
		32CA4F630368D1EE00C91783 /* Descent_Prefix.pch */ = {isa = PBXFileReference; fileEncoding = 4; lastKnownFileType = sourcecode.c.h; path = Descent_Prefix.pch; sourceTree = "<group>"; };
		8D1107310486CEB800E47090 /* Info.plist */ = {isa = PBXFileReference; fileEncoding = 4; lastKnownFileType = text.plist.xml; path = Info.plist; sourceTree = "<group>"; };
		915432460E77646400FAF93D /* PIDSprite.h */ = {isa = PBXFileReference; fileEncoding = 4; lastKnownFileType = sourcecode.c.h; path = PIDSprite.h; sourceTree = "<group>"; };
		915432470E77646400FAF93D /* PIDSprite.m */ = {isa = PBXFileReference; fileEncoding = 4; lastKnownFileType = sourcecode.c.objc; path = PIDSprite.m; sourceTree = "<group>"; };
		9154328B0E776A8700FAF93D /* PIDRectangleSprite.h */ = {isa = PBXFileReference; fileEncoding = 4; lastKnownFileType = sourcecode.c.h; path = PIDRectangleSprite.h; sourceTree = "<group>"; };
		9154328C0E776A8700FAF93D /* PIDRectangleSprite.m */ = {isa = PBXFileReference; fileEncoding = 4; lastKnownFileType = sourcecode.c.objc; path = PIDRectangleSprite.m; sourceTree = "<group>"; };
		915432900E776E8A00FAF93D /* PIDColor.h */ = {isa = PBXFileReference; fileEncoding = 4; lastKnownFileType = sourcecode.c.h; path = PIDColor.h; sourceTree = "<group>"; };
		915432910E776E8A00FAF93D /* PIDColor.m */ = {isa = PBXFileReference; fileEncoding = 4; lastKnownFileType = sourcecode.c.objc; path = PIDColor.m; sourceTree = "<group>"; };
		915433310E77797900FAF93D /* PIDEntity.h */ = {isa = PBXFileReference; fileEncoding = 4; lastKnownFileType = sourcecode.c.h; path = PIDEntity.h; sourceTree = "<group>"; };
		915433320E77797900FAF93D /* PIDEntity.m */ = {isa = PBXFileReference; fileEncoding = 4; lastKnownFileType = sourcecode.c.objc; path = PIDEntity.m; sourceTree = "<group>"; };
		915433CD0E78A81D00FAF93D /* PIDGame.h */ = {isa = PBXFileReference; fileEncoding = 4; lastKnownFileType = sourcecode.c.h; path = PIDGame.h; sourceTree = "<group>"; };
		915433CE0E78A81D00FAF93D /* PIDGame.m */ = {isa = PBXFileReference; fileEncoding = 4; lastKnownFileType = sourcecode.c.objc; path = PIDGame.m; sourceTree = "<group>"; };
		915434EF0E78B72200FAF93D /* PIDPlatform.h */ = {isa = PBXFileReference; fileEncoding = 4; lastKnownFileType = sourcecode.c.h; path = PIDPlatform.h; sourceTree = "<group>"; };
		915434F00E78B72200FAF93D /* PIDPlatform.m */ = {isa = PBXFileReference; fileEncoding = 4; lastKnownFileType = sourcecode.c.objc; path = PIDPlatform.m; sourceTree = "<group>"; };
		915436190E7C4B5B00FAF93D /* PIDPlayer.h */ = {isa = PBXFileReference; fileEncoding = 4; lastKnownFileType = sourcecode.c.h; path = PIDPlayer.h; sourceTree = "<group>"; };
		9154361A0E7C4B5B00FAF93D /* PIDPlayer.m */ = {isa = PBXFileReference; fileEncoding = 4; lastKnownFileType = sourcecode.c.objc; path = PIDPlayer.m; sourceTree = "<group>"; };
		915437EA0E7C5D6600FAF93D /* CoreGraphics.framework */ = {isa = PBXFileReference; lastKnownFileType = wrapper.framework; name = CoreGraphics.framework; path = System/Library/Frameworks/CoreGraphics.framework; sourceTree = SDKROOT; };
		91543A380E7CC99700FAF93D /* TODO */ = {isa = PBXFileReference; fileEncoding = 4; lastKnownFileType = text; path = TODO; sourceTree = "<group>"; };
		91543A390E7DBF5900FAF93D /* PIDTextureSprite.h */ = {isa = PBXFileReference; fileEncoding = 4; lastKnownFileType = sourcecode.c.h; path = PIDTextureSprite.h; sourceTree = "<group>"; };
		91543A3A0E7DBF5900FAF93D /* PIDTextureSprite.m */ = {isa = PBXFileReference; fileEncoding = 4; lastKnownFileType = sourcecode.c.objc; path = PIDTextureSprite.m; sourceTree = "<group>"; };
		91543A750E7DCA8500FAF93D /* player.png */ = {isa = PBXFileReference; lastKnownFileType = image.png; path = player.png; sourceTree = "<group>"; };
		9168F1D70EB80C260066482B /* paper.png */ = {isa = PBXFileReference; lastKnownFileType = image.png; path = paper.png; sourceTree = "<group>"; };
		9168F3710EBCFB2C0066482B /* floor-numbers.png */ = {isa = PBXFileReference; lastKnownFileType = image.png; path = "floor-numbers.png"; sourceTree = "<group>"; };
		9168F57F0EBD17670066482B /* platform.png */ = {isa = PBXFileReference; lastKnownFileType = image.png; path = platform.png; sourceTree = "<group>"; };
		9168F6240EBD43320066482B /* PIDTrail.h */ = {isa = PBXFileReference; fileEncoding = 4; lastKnownFileType = sourcecode.c.h; path = PIDTrail.h; sourceTree = "<group>"; };
		9168F6250EBD43320066482B /* PIDTrail.m */ = {isa = PBXFileReference; fileEncoding = 4; lastKnownFileType = sourcecode.c.objc; path = PIDTrail.m; sourceTree = "<group>"; };
		9175D4D80E8B1973000B8787 /* PIDNumbersDisplay.h */ = {isa = PBXFileReference; fileEncoding = 4; lastKnownFileType = sourcecode.c.h; path = PIDNumbersDisplay.h; sourceTree = "<group>"; };
		9175D4D90E8B1973000B8787 /* PIDNumbersDisplay.m */ = {isa = PBXFileReference; fileEncoding = 4; lastKnownFileType = sourcecode.c.objc; path = PIDNumbersDisplay.m; sourceTree = "<group>"; };
		9175D6060E8E9AAE000B8787 /* PIDFence.h */ = {isa = PBXFileReference; fileEncoding = 4; lastKnownFileType = sourcecode.c.h; path = PIDFence.h; sourceTree = "<group>"; };
		9175D6070E8E9AAE000B8787 /* PIDFence.m */ = {isa = PBXFileReference; fileEncoding = 4; lastKnownFileType = sourcecode.c.objc; path = PIDFence.m; sourceTree = "<group>"; };
		9175D8020E904F8D000B8787 /* caps.png */ = {isa = PBXFileReference; lastKnownFileType = image.png; path = caps.png; sourceTree = "<group>"; };
		9175D8B00E906AD3000B8787 /* status.png */ = {isa = PBXFileReference; lastKnownFileType = image.png; path = status.png; sourceTree = "<group>"; };
		9175D8F80E907276000B8787 /* health-stars.png */ = {isa = PBXFileReference; lastKnownFileType = image.png; path = "health-stars.png"; sourceTree = "<group>"; };
		9175D8FC0E90728A000B8787 /* PIDHealthDisplay.h */ = {isa = PBXFileReference; fileEncoding = 4; lastKnownFileType = sourcecode.c.h; path = PIDHealthDisplay.h; sourceTree = "<group>"; };
		9175D8FD0E90728A000B8787 /* PIDHealthDisplay.m */ = {isa = PBXFileReference; fileEncoding = 4; lastKnownFileType = sourcecode.c.objc; path = PIDHealthDisplay.m; sourceTree = "<group>"; };
		9175D94E0E907578000B8787 /* PIDEntityWithFrame.h */ = {isa = PBXFileReference; fileEncoding = 4; lastKnownFileType = sourcecode.c.h; path = PIDEntityWithFrame.h; sourceTree = "<group>"; };
		9175D94F0E907578000B8787 /* PIDEntityWithFrame.m */ = {isa = PBXFileReference; fileEncoding = 4; lastKnownFileType = sourcecode.c.objc; path = PIDEntityWithFrame.m; sourceTree = "<group>"; };
		91FA77530EA2A9CE000D813F /* pause.png */ = {isa = PBXFileReference; lastKnownFileType = image.png; path = pause.png; sourceTree = "<group>"; };
		91FA78D30EA431F2000D813F /* PIDMenu.h */ = {isa = PBXFileReference; fileEncoding = 4; lastKnownFileType = sourcecode.c.h; path = PIDMenu.h; sourceTree = "<group>"; };
		91FA78D40EA431F2000D813F /* PIDMenu.m */ = {isa = PBXFileReference; fileEncoding = 4; lastKnownFileType = sourcecode.c.objc; path = PIDMenu.m; sourceTree = "<group>"; };
		91FCCCC90E81F92C004A2033 /* numbers.png */ = {isa = PBXFileReference; lastKnownFileType = image.png; path = numbers.png; sourceTree = "<group>"; };
/* End PBXFileReference section */

/* Begin PBXFrameworksBuildPhase section */
		1D60588F0D05DD3D006BFB54 /* Frameworks */ = {
			isa = PBXFrameworksBuildPhase;
			buildActionMask = 2147483647;
			files = (
				1D60589F0D05DD5A006BFB54 /* Foundation.framework in Frameworks */,
				1DF5F4E00D08C38300B7A737 /* UIKit.framework in Frameworks */,
				28FD15000DC6FC520079059D /* OpenGLES.framework in Frameworks */,
				28FD15080DC6FC5B0079059D /* QuartzCore.framework in Frameworks */,
				915437EB0E7C5D6600FAF93D /* CoreGraphics.framework in Frameworks */,
			);
			runOnlyForDeploymentPostprocessing = 0;
		};
/* End PBXFrameworksBuildPhase section */

/* Begin PBXGroup section */
		080E96DDFE201D6D7F000001 /* Classes */ = {
			isa = PBXGroup;
			children = (
				91FA78D10EA431D0000D813F /* Menu */,
				915436750E7C4EEA00FAF93D /* Game */,
				915436740E7C4EE300FAF93D /* Base */,
				28FD14FC0DC6FC130079059D /* EAGLView.h */,
				28FD14FD0DC6FC130079059D /* EAGLView.m */,
				1D3623240D0F684500981E51 /* DescentAppDelegate.h */,
				1D3623250D0F684500981E51 /* DescentAppDelegate.m */,
			);
			path = Classes;
			sourceTree = "<group>";
		};
		19C28FACFE9D520D11CA2CBB /* Products */ = {
			isa = PBXGroup;
			children = (
				1D6058910D05DD3D006BFB54 /* Descent.app */,
			);
			name = Products;
			sourceTree = "<group>";
		};
		29B97314FDCFA39411CA2CEA /* CustomTemplate */ = {
			isa = PBXGroup;
			children = (
				91543A380E7CC99700FAF93D /* TODO */,
				080E96DDFE201D6D7F000001 /* Classes */,
				29B97315FDCFA39411CA2CEA /* Other Sources */,
				29B97317FDCFA39411CA2CEA /* Resources */,
				29B97323FDCFA39411CA2CEA /* Frameworks */,
				19C28FACFE9D520D11CA2CBB /* Products */,
			);
			name = CustomTemplate;
			sourceTree = "<group>";
		};
		29B97315FDCFA39411CA2CEA /* Other Sources */ = {
			isa = PBXGroup;
			children = (
				32CA4F630368D1EE00C91783 /* Descent_Prefix.pch */,
				29B97316FDCFA39411CA2CEA /* main.m */,
			);
			name = "Other Sources";
			sourceTree = "<group>";
		};
		29B97317FDCFA39411CA2CEA /* Resources */ = {
			isa = PBXGroup;
			children = (
				9168F57F0EBD17670066482B /* platform.png */,
				9168F3710EBCFB2C0066482B /* floor-numbers.png */,
				9168F1D70EB80C260066482B /* paper.png */,
				91FA77530EA2A9CE000D813F /* pause.png */,
				9175D8F80E907276000B8787 /* health-stars.png */,
				9175D8B00E906AD3000B8787 /* status.png */,
				9175D8020E904F8D000B8787 /* caps.png */,
				91FCCCC90E81F92C004A2033 /* numbers.png */,
				91543A750E7DCA8500FAF93D /* player.png */,
				28AD733E0D9D9553002E5188 /* MainWindow.xib */,
				8D1107310486CEB800E47090 /* Info.plist */,
			);
			name = Resources;
			sourceTree = "<group>";
		};
		29B97323FDCFA39411CA2CEA /* Frameworks */ = {
			isa = PBXGroup;
			children = (
				915437EA0E7C5D6600FAF93D /* CoreGraphics.framework */,
				28FD15070DC6FC5B0079059D /* QuartzCore.framework */,
				28FD14FF0DC6FC520079059D /* OpenGLES.framework */,
				1DF5F4DF0D08C38300B7A737 /* UIKit.framework */,
				1D30AB110D05D00D00671497 /* Foundation.framework */,
			);
			name = Frameworks;
			sourceTree = "<group>";
		};
		915436740E7C4EE300FAF93D /* Base */ = {
			isa = PBXGroup;
			children = (
				91543A390E7DBF5900FAF93D /* PIDTextureSprite.h */,
				91543A3A0E7DBF5900FAF93D /* PIDTextureSprite.m */,
				915433310E77797900FAF93D /* PIDEntity.h */,
				915433320E77797900FAF93D /* PIDEntity.m */,
				9175D94E0E907578000B8787 /* PIDEntityWithFrame.h */,
				9175D94F0E907578000B8787 /* PIDEntityWithFrame.m */,
				9175D4D80E8B1973000B8787 /* PIDNumbersDisplay.h */,
				9175D4D90E8B1973000B8787 /* PIDNumbersDisplay.m */,
				915432900E776E8A00FAF93D /* PIDColor.h */,
				915432910E776E8A00FAF93D /* PIDColor.m */,
				9154328B0E776A8700FAF93D /* PIDRectangleSprite.h */,
				9154328C0E776A8700FAF93D /* PIDRectangleSprite.m */,
				915432460E77646400FAF93D /* PIDSprite.h */,
				915432470E77646400FAF93D /* PIDSprite.m */,
			);
			name = Base;
			sourceTree = "<group>";
		};
		915436750E7C4EEA00FAF93D /* Game */ = {
			isa = PBXGroup;
			children = (
				9168F6240EBD43320066482B /* PIDTrail.h */,
				9168F6250EBD43320066482B /* PIDTrail.m */,
				915436190E7C4B5B00FAF93D /* PIDPlayer.h */,
				9154361A0E7C4B5B00FAF93D /* PIDPlayer.m */,
				915433CD0E78A81D00FAF93D /* PIDGame.h */,
				915433CE0E78A81D00FAF93D /* PIDGame.m */,
				915434EF0E78B72200FAF93D /* PIDPlatform.h */,
				915434F00E78B72200FAF93D /* PIDPlatform.m */,
				9175D6060E8E9AAE000B8787 /* PIDFence.h */,
				9175D6070E8E9AAE000B8787 /* PIDFence.m */,
				9175D8FC0E90728A000B8787 /* PIDHealthDisplay.h */,
				9175D8FD0E90728A000B8787 /* PIDHealthDisplay.m */,
			);
			name = Game;
			sourceTree = "<group>";
		};
		91FA78D10EA431D0000D813F /* Menu */ = {
			isa = PBXGroup;
			children = (
				91FA78D30EA431F2000D813F /* PIDMenu.h */,
				91FA78D40EA431F2000D813F /* PIDMenu.m */,
			);
			name = Menu;
			sourceTree = "<group>";
		};
/* End PBXGroup section */

/* Begin PBXNativeTarget section */
		1D6058900D05DD3D006BFB54 /* Descent */ = {
			isa = PBXNativeTarget;
			buildConfigurationList = 1D6058960D05DD3E006BFB54 /* Build configuration list for PBXNativeTarget "Descent" */;
			buildPhases = (
				1D60588D0D05DD3D006BFB54 /* Resources */,
				1D60588E0D05DD3D006BFB54 /* Sources */,
				1D60588F0D05DD3D006BFB54 /* Frameworks */,
			);
			buildRules = (
			);
			dependencies = (
			);
			name = Descent;
			productName = Descent;
			productReference = 1D6058910D05DD3D006BFB54 /* Descent.app */;
			productType = "com.apple.product-type.application";
		};
/* End PBXNativeTarget section */

/* Begin PBXProject section */
		29B97313FDCFA39411CA2CEA /* Project object */ = {
			isa = PBXProject;
			buildConfigurationList = C01FCF4E08A954540054247B /* Build configuration list for PBXProject "Descent" */;
			compatibilityVersion = "Xcode 3.1";
			hasScannedForEncodings = 1;
			mainGroup = 29B97314FDCFA39411CA2CEA /* CustomTemplate */;
			projectDirPath = "";
			projectRoot = "";
			targets = (
				1D6058900D05DD3D006BFB54 /* Descent */,
			);
		};
/* End PBXProject section */

/* Begin PBXResourcesBuildPhase section */
		1D60588D0D05DD3D006BFB54 /* Resources */ = {
			isa = PBXResourcesBuildPhase;
			buildActionMask = 2147483647;
			files = (
				28AD733F0D9D9553002E5188 /* MainWindow.xib in Resources */,
				91543A760E7DCA8500FAF93D /* player.png in Resources */,
				91FCCCCA0E81F92C004A2033 /* numbers.png in Resources */,
				9175D8030E904F8D000B8787 /* caps.png in Resources */,
				9175D8B10E906AD3000B8787 /* status.png in Resources */,
				9175D8F90E907276000B8787 /* health-stars.png in Resources */,
				91FA77540EA2A9CE000D813F /* pause.png in Resources */,
				9168F1D80EB80C260066482B /* paper.png in Resources */,
				9168F3720EBCFB2C0066482B /* floor-numbers.png in Resources */,
				9168F5800EBD17670066482B /* platform.png in Resources */,
			);
			runOnlyForDeploymentPostprocessing = 0;
		};
/* End PBXResourcesBuildPhase section */

/* Begin PBXSourcesBuildPhase section */
		1D60588E0D05DD3D006BFB54 /* Sources */ = {
			isa = PBXSourcesBuildPhase;
			buildActionMask = 2147483647;
			files = (
				1D60589B0D05DD56006BFB54 /* main.m in Sources */,
				1D3623260D0F684500981E51 /* DescentAppDelegate.m in Sources */,
				28FD14FE0DC6FC130079059D /* EAGLView.m in Sources */,
				915432480E77646400FAF93D /* PIDSprite.m in Sources */,
				9154328D0E776A8700FAF93D /* PIDRectangleSprite.m in Sources */,
				915432920E776E8A00FAF93D /* PIDColor.m in Sources */,
				915433330E77797900FAF93D /* PIDEntity.m in Sources */,
				915433CF0E78A81D00FAF93D /* PIDGame.m in Sources */,
				915434F10E78B72200FAF93D /* PIDPlatform.m in Sources */,
				9154361B0E7C4B5B00FAF93D /* PIDPlayer.m in Sources */,
				91543A3B0E7DBF5900FAF93D /* PIDTextureSprite.m in Sources */,
				9175D4DA0E8B1973000B8787 /* PIDNumbersDisplay.m in Sources */,
				9175D6080E8E9AAE000B8787 /* PIDFence.m in Sources */,
				9175D8FE0E90728A000B8787 /* PIDHealthDisplay.m in Sources */,
				9175D9500E907578000B8787 /* PIDEntityWithFrame.m in Sources */,
				91FA78D50EA431F2000D813F /* PIDMenu.m in Sources */,
				9168F6260EBD43320066482B /* PIDTrail.m in Sources */,
			);
			runOnlyForDeploymentPostprocessing = 0;
		};
/* End PBXSourcesBuildPhase section */

/* Begin XCBuildConfiguration section */
		1D6058940D05DD3E006BFB54 /* Debug */ = {
			isa = XCBuildConfiguration;
			buildSettings = {
				ALWAYS_SEARCH_USER_PATHS = NO;
				"CODE_SIGN_IDENTITY[sdk=iphoneos*]" = "iPhone Developer: Mihai PARPARITA";
				COPY_PHASE_STRIP = NO;
				GCC_DYNAMIC_NO_PIC = NO;
				GCC_OPTIMIZATION_LEVEL = 0;
				GCC_PRECOMPILE_PREFIX_HEADER = YES;
				GCC_PREFIX_HEADER = Descent_Prefix.pch;
				INFOPLIST_FILE = Info.plist;
				PRODUCT_NAME = Descent;
				PROVISIONING_PROFILE = DefaultProfileUuid;
			};
			name = Debug;
		};
		1D6058950D05DD3E006BFB54 /* Release */ = {
			isa = XCBuildConfiguration;
			buildSettings = {
				ALWAYS_SEARCH_USER_PATHS = NO;
				COPY_PHASE_STRIP = YES;
				GCC_PRECOMPILE_PREFIX_HEADER = YES;
				GCC_PREFIX_HEADER = Descent_Prefix.pch;
				INFOPLIST_FILE = Info.plist;
				PRODUCT_NAME = Descent;
			};
			name = Release;
		};
		C01FCF4F08A954540054247B /* Debug */ = {
			isa = XCBuildConfiguration;
			buildSettings = {
				ARCHS = "$(ARCHS_STANDARD_32_BIT)";
				GCC_C_LANGUAGE_STANDARD = c99;
				GCC_WARN_ABOUT_RETURN_TYPE = YES;
				GCC_WARN_UNUSED_VARIABLE = YES;
				ONLY_ACTIVE_ARCH = YES;
				PREBINDING = NO;
				SDKROOT = iphoneos2.1;
			};
			name = Debug;
		};
		C01FCF5008A954540054247B /* Release */ = {
			isa = XCBuildConfiguration;
			buildSettings = {
				ARCHS = "$(ARCHS_STANDARD_32_BIT)";
				"CODE_SIGN_IDENTITY[sdk=iphoneos*]" = "iPhone Developer";
				GCC_C_LANGUAGE_STANDARD = c99;
				GCC_WARN_ABOUT_RETURN_TYPE = YES;
				GCC_WARN_UNUSED_VARIABLE = YES;
				PREBINDING = NO;
				SDKROOT = iphoneos2.1;
			};
			name = Release;
		};
/* End XCBuildConfiguration section */

/* Begin XCConfigurationList section */
		1D6058960D05DD3E006BFB54 /* Build configuration list for PBXNativeTarget "Descent" */ = {
			isa = XCConfigurationList;
			buildConfigurations = (
				1D6058940D05DD3E006BFB54 /* Debug */,
				1D6058950D05DD3E006BFB54 /* Release */,
			);
			defaultConfigurationIsVisible = 0;
			defaultConfigurationName = Release;
		};
		C01FCF4E08A954540054247B /* Build configuration list for PBXProject "Descent" */ = {
			isa = XCConfigurationList;
			buildConfigurations = (
				C01FCF4F08A954540054247B /* Debug */,
				C01FCF5008A954540054247B /* Release */,
			);
			defaultConfigurationIsVisible = 0;
			defaultConfigurationName = Release;
		};
/* End XCConfigurationList section */
	};
	rootObject = 29B97313FDCFA39411CA2CEA /* Project object */;
}
